
Microsoft Visual Studio Solution File, Format Version 12.00
# Visual Studio Version 16
VisualStudioVersion = 16.0.33027.164
MinimumVisualStudioVersion = 10.0.40219.1
Project("{FAE04EC0-301F-11D3-BF4B-00C04F79EFBC}") = "WealthFront", "WealthFront.csproj", "{1BAE25C3-6C62-47C1-8F1B-2930AAC6D461}"
EndProject
Global
	GlobalSection(SolutionConfigurationPlatforms) = preSolution
		Debug|Any CPU = Debug|Any CPU
		Release|Any CPU = Release|Any CPU
	EndGlobalSection
	GlobalSection(ProjectConfigurationPlatforms) = postSolution
		{1BAE25C3-6C62-47C1-8F1B-2930AAC6D461}.Debug|Any CPU.ActiveCfg = Debug|Any CPU
		{1BAE25C3-6C62-47C1-8F1B-2930AAC6D461}.Debug|Any CPU.Build.0 = Debug|Any CPU
		{1BAE25C3-6C62-47C1-8F1B-2930AAC6D461}.Release|Any CPU.ActiveCfg = Release|Any CPU
		{1BAE25C3-6C62-47C1-8F1B-2930AAC6D461}.Release|Any CPU.Build.0 = Release|Any CPU
	EndGlobalSection
	GlobalSection(SolutionProperties) = preSolution
		HideSolutionNode = FALSE
	EndGlobalSection
	GlobalSection(ExtensibilityGlobals) = postSolution
		SolutionGuid = {91FF1572-C2C7-4333-A27C-ED24148A51F3}
	EndGlobalSection
EndGlobal
