
Microsoft Visual Studio Solution File, Format Version 12.00
# Visual Studio Version 16
VisualStudioVersion = 16.0.33027.164
MinimumVisualStudioVersion = 10.0.40219.1
Project("{FAE04EC0-301F-11D3-BF4B-00C04F79EFBC}") = "WealthFrontAPP", "WealthFrontAPP.csproj", "{C7B4E053-4BC7-4AAD-84CA-3933E0D090A5}"
EndProject
Global
	GlobalSection(SolutionConfigurationPlatforms) = preSolution
		Debug|Any CPU = Debug|Any CPU
		Release|Any CPU = Release|Any CPU
	EndGlobalSection
	GlobalSection(ProjectConfigurationPlatforms) = postSolution
		{C7B4E053-4BC7-4AAD-84CA-3933E0D090A5}.Debug|Any CPU.ActiveCfg = Debug|Any CPU
		{C7B4E053-4BC7-4AAD-84CA-3933E0D090A5}.Debug|Any CPU.Build.0 = Debug|Any CPU
		{C7B4E053-4BC7-4AAD-84CA-3933E0D090A5}.Release|Any CPU.ActiveCfg = Release|Any CPU
		{C7B4E053-4BC7-4AAD-84CA-3933E0D090A5}.Release|Any CPU.Build.0 = Release|Any CPU
	EndGlobalSection
	GlobalSection(SolutionProperties) = preSolution
		HideSolutionNode = FALSE
	EndGlobalSection
	GlobalSection(ExtensibilityGlobals) = postSolution
		SolutionGuid = {618505B7-913B-47B7-9A4C-C7C69D09A71A}
	EndGlobalSection
EndGlobal
