
Microsoft Visual Studio Solution File, Format Version 12.00
# Visual Studio Version 16
VisualStudioVersion = 16.0.33027.164
MinimumVisualStudioVersion = 10.0.40219.1
Project("{FAE04EC0-301F-11D3-BF4B-00C04F79EFBC}") = "WindowsFormsApp1", "WindowsFormsApp1.csproj", "{9BFD5CF0-4753-4F66-973B-2C69AF2EA12C}"
EndProject
Project("{2150E333-8FDC-42A3-9474-1A3956D46DE8}") = "Solution Items", "Solution Items", "{5999D018-6593-43E2-88AC-5624E1C7EC8A}"
	ProjectSection(SolutionItems) = preProject
		.editorconfig = .editorconfig
	EndProjectSection
EndProject
Global
	GlobalSection(SolutionConfigurationPlatforms) = preSolution
		Debug|Any CPU = Debug|Any CPU
		Release|Any CPU = Release|Any CPU
	EndGlobalSection
	GlobalSection(ProjectConfigurationPlatforms) = postSolution
		{9BFD5CF0-4753-4F66-973B-2C69AF2EA12C}.Debug|Any CPU.ActiveCfg = Debug|Any CPU
		{9BFD5CF0-4753-4F66-973B-2C69AF2EA12C}.Debug|Any CPU.Build.0 = Debug|Any CPU
		{9BFD5CF0-4753-4F66-973B-2C69AF2EA12C}.Release|Any CPU.ActiveCfg = Release|Any CPU
		{9BFD5CF0-4753-4F66-973B-2C69AF2EA12C}.Release|Any CPU.Build.0 = Release|Any CPU
	EndGlobalSection
	GlobalSection(SolutionProperties) = preSolution
		HideSolutionNode = FALSE
	EndGlobalSection
	GlobalSection(ExtensibilityGlobals) = postSolution
		SolutionGuid = {2FB5872D-BE13-47A0-8854-629EC50CE1AA}
	EndGlobalSection
EndGlobal
